
Microsoft Visual Studio Solution File, Format Version 12.00
# Visual Studio 2012
Project("{FAE04EC0-301F-11D3-BF4B-00C04F79EFBC}") = "CustomService.Core", "CustomService\CustomService.Core\CustomService.Core.csproj", "{60993AA9-6C28-49EC-BB38-3CE5DC3F3510}"
EndProject
Project("{FAE04EC0-301F-11D3-BF4B-00C04F79EFBC}") = "CustomService.iOS", "CustomService\CustomService.iOS\CustomService.iOS.csproj", "{C16EDEBC-B60B-46C5-8329-A7AC2ECDC33C}"
EndProject
Project("{FAE04EC0-301F-11D3-BF4B-00C04F79EFBC}") = "CustomService.Android", "CustomService\CustomService.Android\CustomService.Android.csproj", "{ABB2798C-FD09-4B0E-A011-767FAD89E9D6}"
EndProject
Project("{FAE04EC0-301F-11D3-BF4B-00C04F79EFBC}") = "CustomService.WinPhone", "CustomService\CustomService.WinPhone\CustomService.WinPhone.csproj", "{7BC99B2D-E395-4559-BDF3-EA9CD0D8AE56}"
EndProject
Project("{FAE04EC0-301F-11D3-BF4B-00C04F79EFBC}") = "CustomService.WinRT", "CustomService\CustomService.WinRT\CustomService.WinRT.csproj", "{AD409379-8D9C-470E-9344-942A36A8DAB8}"
EndProject
Global
	GlobalSection(SolutionConfigurationPlatforms) = preSolution
		Ad-Hoc|Any CPU = Ad-Hoc|Any CPU
		Ad-Hoc|ARM = Ad-Hoc|ARM
		Ad-Hoc|iPhone = Ad-Hoc|iPhone
		Ad-Hoc|iPhoneSimulator = Ad-Hoc|iPhoneSimulator
		Ad-Hoc|Mixed Platforms = Ad-Hoc|Mixed Platforms
		Ad-Hoc|x64 = Ad-Hoc|x64
		Ad-Hoc|x86 = Ad-Hoc|x86
		AppStore|Any CPU = AppStore|Any CPU
		AppStore|ARM = AppStore|ARM
		AppStore|iPhone = AppStore|iPhone
		AppStore|iPhoneSimulator = AppStore|iPhoneSimulator
		AppStore|Mixed Platforms = AppStore|Mixed Platforms
		AppStore|x64 = AppStore|x64
		AppStore|x86 = AppStore|x86
		Debug|Any CPU = Debug|Any CPU
		Debug|ARM = Debug|ARM
		Debug|iPhone = Debug|iPhone
		Debug|iPhoneSimulator = Debug|iPhoneSimulator
		Debug|Mixed Platforms = Debug|Mixed Platforms
		Debug|x64 = Debug|x64
		Debug|x86 = Debug|x86
		Release|Any CPU = Release|Any CPU
		Release|ARM = Release|ARM
		Release|iPhone = Release|iPhone
		Release|iPhoneSimulator = Release|iPhoneSimulator
		Release|Mixed Platforms = Release|Mixed Platforms
		Release|x64 = Release|x64
		Release|x86 = Release|x86
	EndGlobalSection
	GlobalSection(ProjectConfigurationPlatforms) = postSolution
		{60993AA9-6C28-49EC-BB38-3CE5DC3F3510}.Ad-Hoc|Any CPU.ActiveCfg = Release|Any CPU
		{60993AA9-6C28-49EC-BB38-3CE5DC3F3510}.Ad-Hoc|Any CPU.Build.0 = Release|Any CPU
		{60993AA9-6C28-49EC-BB38-3CE5DC3F3510}.Ad-Hoc|ARM.ActiveCfg = Release|Any CPU
		{60993AA9-6C28-49EC-BB38-3CE5DC3F3510}.Ad-Hoc|ARM.Build.0 = Release|Any CPU
		{60993AA9-6C28-49EC-BB38-3CE5DC3F3510}.Ad-Hoc|iPhone.ActiveCfg = Release|Any CPU
		{60993AA9-6C28-49EC-BB38-3CE5DC3F3510}.Ad-Hoc|iPhone.Build.0 = Release|Any CPU
		{60993AA9-6C28-49EC-BB38-3CE5DC3F3510}.Ad-Hoc|iPhoneSimulator.ActiveCfg = Release|Any CPU
		{60993AA9-6C28-49EC-BB38-3CE5DC3F3510}.Ad-Hoc|iPhoneSimulator.Build.0 = Release|Any CPU
		{60993AA9-6C28-49EC-BB38-3CE5DC3F3510}.Ad-Hoc|Mixed Platforms.ActiveCfg = Release|Any CPU
		{60993AA9-6C28-49EC-BB38-3CE5DC3F3510}.Ad-Hoc|Mixed Platforms.Build.0 = Release|Any CPU
		{60993AA9-6C28-49EC-BB38-3CE5DC3F3510}.Ad-Hoc|x64.ActiveCfg = Release|Any CPU
		{60993AA9-6C28-49EC-BB38-3CE5DC3F3510}.Ad-Hoc|x64.Build.0 = Release|Any CPU
		{60993AA9-6C28-49EC-BB38-3CE5DC3F3510}.Ad-Hoc|x86.ActiveCfg = Release|Any CPU
		{60993AA9-6C28-49EC-BB38-3CE5DC3F3510}.Ad-Hoc|x86.Build.0 = Release|Any CPU
		{60993AA9-6C28-49EC-BB38-3CE5DC3F3510}.AppStore|Any CPU.ActiveCfg = Release|Any CPU
		{60993AA9-6C28-49EC-BB38-3CE5DC3F3510}.AppStore|Any CPU.Build.0 = Release|Any CPU
		{60993AA9-6C28-49EC-BB38-3CE5DC3F3510}.AppStore|ARM.ActiveCfg = Release|Any CPU
		{60993AA9-6C28-49EC-BB38-3CE5DC3F3510}.AppStore|ARM.Build.0 = Release|Any CPU
		{60993AA9-6C28-49EC-BB38-3CE5DC3F3510}.AppStore|iPhone.ActiveCfg = Release|Any CPU
		{60993AA9-6C28-49EC-BB38-3CE5DC3F3510}.AppStore|iPhone.Build.0 = Release|Any CPU
		{60993AA9-6C28-49EC-BB38-3CE5DC3F3510}.AppStore|iPhoneSimulator.ActiveCfg = Release|Any CPU
		{60993AA9-6C28-49EC-BB38-3CE5DC3F3510}.AppStore|iPhoneSimulator.Build.0 = Release|Any CPU
		{60993AA9-6C28-49EC-BB38-3CE5DC3F3510}.AppStore|Mixed Platforms.ActiveCfg = Release|Any CPU
		{60993AA9-6C28-49EC-BB38-3CE5DC3F3510}.AppStore|Mixed Platforms.Build.0 = Release|Any CPU
		{60993AA9-6C28-49EC-BB38-3CE5DC3F3510}.AppStore|x64.ActiveCfg = Release|Any CPU
		{60993AA9-6C28-49EC-BB38-3CE5DC3F3510}.AppStore|x64.Build.0 = Release|Any CPU
		{60993AA9-6C28-49EC-BB38-3CE5DC3F3510}.AppStore|x86.ActiveCfg = Release|Any CPU
		{60993AA9-6C28-49EC-BB38-3CE5DC3F3510}.AppStore|x86.Build.0 = Release|Any CPU
		{60993AA9-6C28-49EC-BB38-3CE5DC3F3510}.Debug|Any CPU.ActiveCfg = Debug|Any CPU
		{60993AA9-6C28-49EC-BB38-3CE5DC3F3510}.Debug|Any CPU.Build.0 = Debug|Any CPU
		{60993AA9-6C28-49EC-BB38-3CE5DC3F3510}.Debug|ARM.ActiveCfg = Debug|Any CPU
		{60993AA9-6C28-49EC-BB38-3CE5DC3F3510}.Debug|ARM.Build.0 = Debug|Any CPU
		{60993AA9-6C28-49EC-BB38-3CE5DC3F3510}.Debug|iPhone.ActiveCfg = Debug|Any CPU
		{60993AA9-6C28-49EC-BB38-3CE5DC3F3510}.Debug|iPhone.Build.0 = Debug|Any CPU
		{60993AA9-6C28-49EC-BB38-3CE5DC3F3510}.Debug|iPhoneSimulator.ActiveCfg = Debug|Any CPU
		{60993AA9-6C28-49EC-BB38-3CE5DC3F3510}.Debug|iPhoneSimulator.Build.0 = Debug|Any CPU
		{60993AA9-6C28-49EC-BB38-3CE5DC3F3510}.Debug|Mixed Platforms.ActiveCfg = Debug|Any CPU
		{60993AA9-6C28-49EC-BB38-3CE5DC3F3510}.Debug|Mixed Platforms.Build.0 = Debug|Any CPU
		{60993AA9-6C28-49EC-BB38-3CE5DC3F3510}.Debug|x64.ActiveCfg = Debug|Any CPU
		{60993AA9-6C28-49EC-BB38-3CE5DC3F3510}.Debug|x64.Build.0 = Debug|Any CPU
		{60993AA9-6C28-49EC-BB38-3CE5DC3F3510}.Debug|x86.ActiveCfg = Debug|Any CPU
		{60993AA9-6C28-49EC-BB38-3CE5DC3F3510}.Debug|x86.Build.0 = Debug|Any CPU
		{60993AA9-6C28-49EC-BB38-3CE5DC3F3510}.Release|Any CPU.ActiveCfg = Release|Any CPU
		{60993AA9-6C28-49EC-BB38-3CE5DC3F3510}.Release|Any CPU.Build.0 = Release|Any CPU
		{60993AA9-6C28-49EC-BB38-3CE5DC3F3510}.Release|ARM.ActiveCfg = Release|Any CPU
		{60993AA9-6C28-49EC-BB38-3CE5DC3F3510}.Release|ARM.Build.0 = Release|Any CPU
		{60993AA9-6C28-49EC-BB38-3CE5DC3F3510}.Release|iPhone.ActiveCfg = Release|Any CPU
		{60993AA9-6C28-49EC-BB38-3CE5DC3F3510}.Release|iPhone.Build.0 = Release|Any CPU
		{60993AA9-6C28-49EC-BB38-3CE5DC3F3510}.Release|iPhoneSimulator.ActiveCfg = Release|Any CPU
		{60993AA9-6C28-49EC-BB38-3CE5DC3F3510}.Release|iPhoneSimulator.Build.0 = Release|Any CPU
		{60993AA9-6C28-49EC-BB38-3CE5DC3F3510}.Release|Mixed Platforms.ActiveCfg = Release|Any CPU
		{60993AA9-6C28-49EC-BB38-3CE5DC3F3510}.Release|Mixed Platforms.Build.0 = Release|Any CPU
		{60993AA9-6C28-49EC-BB38-3CE5DC3F3510}.Release|x64.ActiveCfg = Release|Any CPU
		{60993AA9-6C28-49EC-BB38-3CE5DC3F3510}.Release|x64.Build.0 = Release|Any CPU
		{60993AA9-6C28-49EC-BB38-3CE5DC3F3510}.Release|x86.ActiveCfg = Release|Any CPU
		{60993AA9-6C28-49EC-BB38-3CE5DC3F3510}.Release|x86.Build.0 = Release|Any CPU
		{7BC99B2D-E395-4559-BDF3-EA9CD0D8AE56}.Ad-Hoc|Any CPU.ActiveCfg = Release|Any CPU
		{7BC99B2D-E395-4559-BDF3-EA9CD0D8AE56}.Ad-Hoc|Any CPU.Build.0 = Release|Any CPU
		{7BC99B2D-E395-4559-BDF3-EA9CD0D8AE56}.Ad-Hoc|Any CPU.Deploy.0 = Release|Any CPU
		{7BC99B2D-E395-4559-BDF3-EA9CD0D8AE56}.Ad-Hoc|ARM.ActiveCfg = Release|ARM
		{7BC99B2D-E395-4559-BDF3-EA9CD0D8AE56}.Ad-Hoc|ARM.Build.0 = Release|ARM
		{7BC99B2D-E395-4559-BDF3-EA9CD0D8AE56}.Ad-Hoc|ARM.Deploy.0 = Release|ARM
		{7BC99B2D-E395-4559-BDF3-EA9CD0D8AE56}.Ad-Hoc|iPhone.ActiveCfg = Release|Any CPU
		{7BC99B2D-E395-4559-BDF3-EA9CD0D8AE56}.Ad-Hoc|iPhoneSimulator.ActiveCfg = Release|Any CPU
		{7BC99B2D-E395-4559-BDF3-EA9CD0D8AE56}.Ad-Hoc|Mixed Platforms.ActiveCfg = Release|x86
		{7BC99B2D-E395-4559-BDF3-EA9CD0D8AE56}.Ad-Hoc|Mixed Platforms.Build.0 = Release|x86
		{7BC99B2D-E395-4559-BDF3-EA9CD0D8AE56}.Ad-Hoc|Mixed Platforms.Deploy.0 = Release|x86
		{7BC99B2D-E395-4559-BDF3-EA9CD0D8AE56}.Ad-Hoc|x64.ActiveCfg = Release|Any CPU
		{7BC99B2D-E395-4559-BDF3-EA9CD0D8AE56}.Ad-Hoc|x86.ActiveCfg = Release|x86
		{7BC99B2D-E395-4559-BDF3-EA9CD0D8AE56}.Ad-Hoc|x86.Build.0 = Release|x86
		{7BC99B2D-E395-4559-BDF3-EA9CD0D8AE56}.Ad-Hoc|x86.Deploy.0 = Release|x86
		{7BC99B2D-E395-4559-BDF3-EA9CD0D8AE56}.AppStore|Any CPU.ActiveCfg = Release|Any CPU
		{7BC99B2D-E395-4559-BDF3-EA9CD0D8AE56}.AppStore|Any CPU.Build.0 = Release|Any CPU
		{7BC99B2D-E395-4559-BDF3-EA9CD0D8AE56}.AppStore|Any CPU.Deploy.0 = Release|Any CPU
		{7BC99B2D-E395-4559-BDF3-EA9CD0D8AE56}.AppStore|ARM.ActiveCfg = Release|ARM
		{7BC99B2D-E395-4559-BDF3-EA9CD0D8AE56}.AppStore|ARM.Build.0 = Release|ARM
		{7BC99B2D-E395-4559-BDF3-EA9CD0D8AE56}.AppStore|ARM.Deploy.0 = Release|ARM
		{7BC99B2D-E395-4559-BDF3-EA9CD0D8AE56}.AppStore|iPhone.ActiveCfg = Release|Any CPU
		{7BC99B2D-E395-4559-BDF3-EA9CD0D8AE56}.AppStore|iPhoneSimulator.ActiveCfg = Release|Any CPU
		{7BC99B2D-E395-4559-BDF3-EA9CD0D8AE56}.AppStore|Mixed Platforms.ActiveCfg = Release|x86
		{7BC99B2D-E395-4559-BDF3-EA9CD0D8AE56}.AppStore|Mixed Platforms.Build.0 = Release|x86
		{7BC99B2D-E395-4559-BDF3-EA9CD0D8AE56}.AppStore|Mixed Platforms.Deploy.0 = Release|x86
		{7BC99B2D-E395-4559-BDF3-EA9CD0D8AE56}.AppStore|x64.ActiveCfg = Release|Any CPU
		{7BC99B2D-E395-4559-BDF3-EA9CD0D8AE56}.AppStore|x86.ActiveCfg = Release|x86
		{7BC99B2D-E395-4559-BDF3-EA9CD0D8AE56}.AppStore|x86.Build.0 = Release|x86
		{7BC99B2D-E395-4559-BDF3-EA9CD0D8AE56}.AppStore|x86.Deploy.0 = Release|x86
		{7BC99B2D-E395-4559-BDF3-EA9CD0D8AE56}.Debug|Any CPU.ActiveCfg = Debug|Any CPU
		{7BC99B2D-E395-4559-BDF3-EA9CD0D8AE56}.Debug|Any CPU.Build.0 = Debug|Any CPU
		{7BC99B2D-E395-4559-BDF3-EA9CD0D8AE56}.Debug|Any CPU.Deploy.0 = Debug|Any CPU
		{7BC99B2D-E395-4559-BDF3-EA9CD0D8AE56}.Debug|ARM.ActiveCfg = Debug|ARM
		{7BC99B2D-E395-4559-BDF3-EA9CD0D8AE56}.Debug|ARM.Build.0 = Debug|ARM
		{7BC99B2D-E395-4559-BDF3-EA9CD0D8AE56}.Debug|ARM.Deploy.0 = Debug|ARM
		{7BC99B2D-E395-4559-BDF3-EA9CD0D8AE56}.Debug|iPhone.ActiveCfg = Debug|Any CPU
		{7BC99B2D-E395-4559-BDF3-EA9CD0D8AE56}.Debug|iPhoneSimulator.ActiveCfg = Debug|Any CPU
		{7BC99B2D-E395-4559-BDF3-EA9CD0D8AE56}.Debug|Mixed Platforms.ActiveCfg = Debug|x86
		{7BC99B2D-E395-4559-BDF3-EA9CD0D8AE56}.Debug|Mixed Platforms.Build.0 = Debug|x86
		{7BC99B2D-E395-4559-BDF3-EA9CD0D8AE56}.Debug|Mixed Platforms.Deploy.0 = Debug|x86
		{7BC99B2D-E395-4559-BDF3-EA9CD0D8AE56}.Debug|x64.ActiveCfg = Debug|Any CPU
		{7BC99B2D-E395-4559-BDF3-EA9CD0D8AE56}.Debug|x86.ActiveCfg = Debug|x86
		{7BC99B2D-E395-4559-BDF3-EA9CD0D8AE56}.Debug|x86.Build.0 = Debug|x86
		{7BC99B2D-E395-4559-BDF3-EA9CD0D8AE56}.Debug|x86.Deploy.0 = Debug|x86
		{7BC99B2D-E395-4559-BDF3-EA9CD0D8AE56}.Release|Any CPU.ActiveCfg = Release|Any CPU
		{7BC99B2D-E395-4559-BDF3-EA9CD0D8AE56}.Release|Any CPU.Build.0 = Release|Any CPU
		{7BC99B2D-E395-4559-BDF3-EA9CD0D8AE56}.Release|Any CPU.Deploy.0 = Release|Any CPU
		{7BC99B2D-E395-4559-BDF3-EA9CD0D8AE56}.Release|ARM.ActiveCfg = Release|ARM
		{7BC99B2D-E395-4559-BDF3-EA9CD0D8AE56}.Release|ARM.Build.0 = Release|ARM
		{7BC99B2D-E395-4559-BDF3-EA9CD0D8AE56}.Release|ARM.Deploy.0 = Release|ARM
		{7BC99B2D-E395-4559-BDF3-EA9CD0D8AE56}.Release|iPhone.ActiveCfg = Release|Any CPU
		{7BC99B2D-E395-4559-BDF3-EA9CD0D8AE56}.Release|iPhoneSimulator.ActiveCfg = Release|Any CPU
		{7BC99B2D-E395-4559-BDF3-EA9CD0D8AE56}.Release|Mixed Platforms.ActiveCfg = Release|x86
		{7BC99B2D-E395-4559-BDF3-EA9CD0D8AE56}.Release|Mixed Platforms.Build.0 = Release|x86
		{7BC99B2D-E395-4559-BDF3-EA9CD0D8AE56}.Release|Mixed Platforms.Deploy.0 = Release|x86
		{7BC99B2D-E395-4559-BDF3-EA9CD0D8AE56}.Release|x64.ActiveCfg = Release|Any CPU
		{7BC99B2D-E395-4559-BDF3-EA9CD0D8AE56}.Release|x86.ActiveCfg = Release|x86
		{7BC99B2D-E395-4559-BDF3-EA9CD0D8AE56}.Release|x86.Build.0 = Release|x86
		{7BC99B2D-E395-4559-BDF3-EA9CD0D8AE56}.Release|x86.Deploy.0 = Release|x86
		{ABB2798C-FD09-4B0E-A011-767FAD89E9D6}.Ad-Hoc|Any CPU.ActiveCfg = Release|Any CPU
		{ABB2798C-FD09-4B0E-A011-767FAD89E9D6}.Ad-Hoc|Any CPU.Build.0 = Release|Any CPU
		{ABB2798C-FD09-4B0E-A011-767FAD89E9D6}.Ad-Hoc|ARM.ActiveCfg = Release|Any CPU
		{ABB2798C-FD09-4B0E-A011-767FAD89E9D6}.Ad-Hoc|ARM.Build.0 = Release|Any CPU
		{ABB2798C-FD09-4B0E-A011-767FAD89E9D6}.Ad-Hoc|iPhone.ActiveCfg = Release|Any CPU
		{ABB2798C-FD09-4B0E-A011-767FAD89E9D6}.Ad-Hoc|iPhone.Build.0 = Release|Any CPU
		{ABB2798C-FD09-4B0E-A011-767FAD89E9D6}.Ad-Hoc|iPhoneSimulator.ActiveCfg = Release|Any CPU
		{ABB2798C-FD09-4B0E-A011-767FAD89E9D6}.Ad-Hoc|iPhoneSimulator.Build.0 = Release|Any CPU
		{ABB2798C-FD09-4B0E-A011-767FAD89E9D6}.Ad-Hoc|Mixed Platforms.ActiveCfg = Release|Any CPU
		{ABB2798C-FD09-4B0E-A011-767FAD89E9D6}.Ad-Hoc|Mixed Platforms.Build.0 = Release|Any CPU
		{ABB2798C-FD09-4B0E-A011-767FAD89E9D6}.Ad-Hoc|x64.ActiveCfg = Release|Any CPU
		{ABB2798C-FD09-4B0E-A011-767FAD89E9D6}.Ad-Hoc|x64.Build.0 = Release|Any CPU
		{ABB2798C-FD09-4B0E-A011-767FAD89E9D6}.Ad-Hoc|x86.ActiveCfg = Release|Any CPU
		{ABB2798C-FD09-4B0E-A011-767FAD89E9D6}.Ad-Hoc|x86.Build.0 = Release|Any CPU
		{ABB2798C-FD09-4B0E-A011-767FAD89E9D6}.AppStore|Any CPU.ActiveCfg = Release|Any CPU
		{ABB2798C-FD09-4B0E-A011-767FAD89E9D6}.AppStore|Any CPU.Build.0 = Release|Any CPU
		{ABB2798C-FD09-4B0E-A011-767FAD89E9D6}.AppStore|ARM.ActiveCfg = Release|Any CPU
		{ABB2798C-FD09-4B0E-A011-767FAD89E9D6}.AppStore|ARM.Build.0 = Release|Any CPU
		{ABB2798C-FD09-4B0E-A011-767FAD89E9D6}.AppStore|iPhone.ActiveCfg = Release|Any CPU
		{ABB2798C-FD09-4B0E-A011-767FAD89E9D6}.AppStore|iPhone.Build.0 = Release|Any CPU
		{ABB2798C-FD09-4B0E-A011-767FAD89E9D6}.AppStore|iPhoneSimulator.ActiveCfg = Release|Any CPU
		{ABB2798C-FD09-4B0E-A011-767FAD89E9D6}.AppStore|iPhoneSimulator.Build.0 = Release|Any CPU
		{ABB2798C-FD09-4B0E-A011-767FAD89E9D6}.AppStore|Mixed Platforms.ActiveCfg = Release|Any CPU
		{ABB2798C-FD09-4B0E-A011-767FAD89E9D6}.AppStore|Mixed Platforms.Build.0 = Release|Any CPU
		{ABB2798C-FD09-4B0E-A011-767FAD89E9D6}.AppStore|x64.ActiveCfg = Release|Any CPU
		{ABB2798C-FD09-4B0E-A011-767FAD89E9D6}.AppStore|x64.Build.0 = Release|Any CPU
		{ABB2798C-FD09-4B0E-A011-767FAD89E9D6}.AppStore|x86.ActiveCfg = Release|Any CPU
		{ABB2798C-FD09-4B0E-A011-767FAD89E9D6}.AppStore|x86.Build.0 = Release|Any CPU
		{ABB2798C-FD09-4B0E-A011-767FAD89E9D6}.Debug|Any CPU.ActiveCfg = Debug|Any CPU
		{ABB2798C-FD09-4B0E-A011-767FAD89E9D6}.Debug|Any CPU.Build.0 = Debug|Any CPU
		{ABB2798C-FD09-4B0E-A011-767FAD89E9D6}.Debug|ARM.ActiveCfg = Debug|Any CPU
		{ABB2798C-FD09-4B0E-A011-767FAD89E9D6}.Debug|ARM.Build.0 = Debug|Any CPU
		{ABB2798C-FD09-4B0E-A011-767FAD89E9D6}.Debug|iPhone.ActiveCfg = Debug|Any CPU
		{ABB2798C-FD09-4B0E-A011-767FAD89E9D6}.Debug|iPhone.Build.0 = Debug|Any CPU
		{ABB2798C-FD09-4B0E-A011-767FAD89E9D6}.Debug|iPhoneSimulator.ActiveCfg = Debug|Any CPU
		{ABB2798C-FD09-4B0E-A011-767FAD89E9D6}.Debug|iPhoneSimulator.Build.0 = Debug|Any CPU
		{ABB2798C-FD09-4B0E-A011-767FAD89E9D6}.Debug|Mixed Platforms.ActiveCfg = Debug|Any CPU
		{ABB2798C-FD09-4B0E-A011-767FAD89E9D6}.Debug|Mixed Platforms.Build.0 = Debug|Any CPU
		{ABB2798C-FD09-4B0E-A011-767FAD89E9D6}.Debug|x64.ActiveCfg = Debug|Any CPU
		{ABB2798C-FD09-4B0E-A011-767FAD89E9D6}.Debug|x64.Build.0 = Debug|Any CPU
		{ABB2798C-FD09-4B0E-A011-767FAD89E9D6}.Debug|x86.ActiveCfg = Debug|Any CPU
		{ABB2798C-FD09-4B0E-A011-767FAD89E9D6}.Debug|x86.Build.0 = Debug|Any CPU
		{ABB2798C-FD09-4B0E-A011-767FAD89E9D6}.Release|Any CPU.ActiveCfg = Release|Any CPU
		{ABB2798C-FD09-4B0E-A011-767FAD89E9D6}.Release|Any CPU.Build.0 = Release|Any CPU
		{ABB2798C-FD09-4B0E-A011-767FAD89E9D6}.Release|ARM.ActiveCfg = Release|Any CPU
		{ABB2798C-FD09-4B0E-A011-767FAD89E9D6}.Release|ARM.Build.0 = Release|Any CPU
		{ABB2798C-FD09-4B0E-A011-767FAD89E9D6}.Release|iPhone.ActiveCfg = Release|Any CPU
		{ABB2798C-FD09-4B0E-A011-767FAD89E9D6}.Release|iPhone.Build.0 = Release|Any CPU
		{ABB2798C-FD09-4B0E-A011-767FAD89E9D6}.Release|iPhoneSimulator.ActiveCfg = Release|Any CPU
		{ABB2798C-FD09-4B0E-A011-767FAD89E9D6}.Release|iPhoneSimulator.Build.0 = Release|Any CPU
		{ABB2798C-FD09-4B0E-A011-767FAD89E9D6}.Release|Mixed Platforms.ActiveCfg = Release|Any CPU
		{ABB2798C-FD09-4B0E-A011-767FAD89E9D6}.Release|Mixed Platforms.Build.0 = Release|Any CPU
		{ABB2798C-FD09-4B0E-A011-767FAD89E9D6}.Release|x64.ActiveCfg = Release|Any CPU
		{ABB2798C-FD09-4B0E-A011-767FAD89E9D6}.Release|x64.Build.0 = Release|Any CPU
		{ABB2798C-FD09-4B0E-A011-767FAD89E9D6}.Release|x86.ActiveCfg = Release|Any CPU
		{ABB2798C-FD09-4B0E-A011-767FAD89E9D6}.Release|x86.Build.0 = Release|Any CPU
		{AD409379-8D9C-470E-9344-942A36A8DAB8}.Ad-Hoc|Any CPU.ActiveCfg = Release|Any CPU
		{AD409379-8D9C-470E-9344-942A36A8DAB8}.Ad-Hoc|Any CPU.Build.0 = Release|Any CPU
		{AD409379-8D9C-470E-9344-942A36A8DAB8}.Ad-Hoc|Any CPU.Deploy.0 = Release|Any CPU
		{AD409379-8D9C-470E-9344-942A36A8DAB8}.Ad-Hoc|ARM.ActiveCfg = Release|ARM
		{AD409379-8D9C-470E-9344-942A36A8DAB8}.Ad-Hoc|ARM.Build.0 = Release|ARM
		{AD409379-8D9C-470E-9344-942A36A8DAB8}.Ad-Hoc|ARM.Deploy.0 = Release|ARM
		{AD409379-8D9C-470E-9344-942A36A8DAB8}.Ad-Hoc|iPhone.ActiveCfg = Release|Any CPU
		{AD409379-8D9C-470E-9344-942A36A8DAB8}.Ad-Hoc|iPhoneSimulator.ActiveCfg = Release|Any CPU
		{AD409379-8D9C-470E-9344-942A36A8DAB8}.Ad-Hoc|Mixed Platforms.ActiveCfg = Release|x86
		{AD409379-8D9C-470E-9344-942A36A8DAB8}.Ad-Hoc|Mixed Platforms.Build.0 = Release|x86
		{AD409379-8D9C-470E-9344-942A36A8DAB8}.Ad-Hoc|Mixed Platforms.Deploy.0 = Release|x86
		{AD409379-8D9C-470E-9344-942A36A8DAB8}.Ad-Hoc|x64.ActiveCfg = Release|x64
		{AD409379-8D9C-470E-9344-942A36A8DAB8}.Ad-Hoc|x64.Build.0 = Release|x64
		{AD409379-8D9C-470E-9344-942A36A8DAB8}.Ad-Hoc|x64.Deploy.0 = Release|x64
		{AD409379-8D9C-470E-9344-942A36A8DAB8}.Ad-Hoc|x86.ActiveCfg = Release|x86
		{AD409379-8D9C-470E-9344-942A36A8DAB8}.Ad-Hoc|x86.Build.0 = Release|x86
		{AD409379-8D9C-470E-9344-942A36A8DAB8}.Ad-Hoc|x86.Deploy.0 = Release|x86
		{AD409379-8D9C-470E-9344-942A36A8DAB8}.AppStore|Any CPU.ActiveCfg = Release|Any CPU
		{AD409379-8D9C-470E-9344-942A36A8DAB8}.AppStore|Any CPU.Build.0 = Release|Any CPU
		{AD409379-8D9C-470E-9344-942A36A8DAB8}.AppStore|Any CPU.Deploy.0 = Release|Any CPU
		{AD409379-8D9C-470E-9344-942A36A8DAB8}.AppStore|ARM.ActiveCfg = Release|ARM
		{AD409379-8D9C-470E-9344-942A36A8DAB8}.AppStore|ARM.Build.0 = Release|ARM
		{AD409379-8D9C-470E-9344-942A36A8DAB8}.AppStore|ARM.Deploy.0 = Release|ARM
		{AD409379-8D9C-470E-9344-942A36A8DAB8}.AppStore|iPhone.ActiveCfg = Release|Any CPU
		{AD409379-8D9C-470E-9344-942A36A8DAB8}.AppStore|iPhoneSimulator.ActiveCfg = Release|Any CPU
		{AD409379-8D9C-470E-9344-942A36A8DAB8}.AppStore|Mixed Platforms.ActiveCfg = Release|x86
		{AD409379-8D9C-470E-9344-942A36A8DAB8}.AppStore|Mixed Platforms.Build.0 = Release|x86
		{AD409379-8D9C-470E-9344-942A36A8DAB8}.AppStore|Mixed Platforms.Deploy.0 = Release|x86
		{AD409379-8D9C-470E-9344-942A36A8DAB8}.AppStore|x64.ActiveCfg = Release|x64
		{AD409379-8D9C-470E-9344-942A36A8DAB8}.AppStore|x64.Build.0 = Release|x64
		{AD409379-8D9C-470E-9344-942A36A8DAB8}.AppStore|x64.Deploy.0 = Release|x64
		{AD409379-8D9C-470E-9344-942A36A8DAB8}.AppStore|x86.ActiveCfg = Release|x86
		{AD409379-8D9C-470E-9344-942A36A8DAB8}.AppStore|x86.Build.0 = Release|x86
		{AD409379-8D9C-470E-9344-942A36A8DAB8}.AppStore|x86.Deploy.0 = Release|x86
		{AD409379-8D9C-470E-9344-942A36A8DAB8}.Debug|Any CPU.ActiveCfg = Debug|Any CPU
		{AD409379-8D9C-470E-9344-942A36A8DAB8}.Debug|Any CPU.Build.0 = Debug|Any CPU
		{AD409379-8D9C-470E-9344-942A36A8DAB8}.Debug|Any CPU.Deploy.0 = Debug|Any CPU
		{AD409379-8D9C-470E-9344-942A36A8DAB8}.Debug|ARM.ActiveCfg = Debug|ARM
		{AD409379-8D9C-470E-9344-942A36A8DAB8}.Debug|ARM.Build.0 = Debug|ARM
		{AD409379-8D9C-470E-9344-942A36A8DAB8}.Debug|ARM.Deploy.0 = Debug|ARM
		{AD409379-8D9C-470E-9344-942A36A8DAB8}.Debug|iPhone.ActiveCfg = Debug|Any CPU
		{AD409379-8D9C-470E-9344-942A36A8DAB8}.Debug|iPhoneSimulator.ActiveCfg = Debug|Any CPU
		{AD409379-8D9C-470E-9344-942A36A8DAB8}.Debug|Mixed Platforms.ActiveCfg = Debug|x86
		{AD409379-8D9C-470E-9344-942A36A8DAB8}.Debug|Mixed Platforms.Build.0 = Debug|x86
		{AD409379-8D9C-470E-9344-942A36A8DAB8}.Debug|Mixed Platforms.Deploy.0 = Debug|x86
		{AD409379-8D9C-470E-9344-942A36A8DAB8}.Debug|x64.ActiveCfg = Debug|x64
		{AD409379-8D9C-470E-9344-942A36A8DAB8}.Debug|x64.Build.0 = Debug|x64
		{AD409379-8D9C-470E-9344-942A36A8DAB8}.Debug|x64.Deploy.0 = Debug|x64
		{AD409379-8D9C-470E-9344-942A36A8DAB8}.Debug|x86.ActiveCfg = Debug|x86
		{AD409379-8D9C-470E-9344-942A36A8DAB8}.Debug|x86.Build.0 = Debug|x86
		{AD409379-8D9C-470E-9344-942A36A8DAB8}.Debug|x86.Deploy.0 = Debug|x86
		{AD409379-8D9C-470E-9344-942A36A8DAB8}.Release|Any CPU.ActiveCfg = Release|Any CPU
		{AD409379-8D9C-470E-9344-942A36A8DAB8}.Release|Any CPU.Build.0 = Release|Any CPU
		{AD409379-8D9C-470E-9344-942A36A8DAB8}.Release|Any CPU.Deploy.0 = Release|Any CPU
		{AD409379-8D9C-470E-9344-942A36A8DAB8}.Release|ARM.ActiveCfg = Release|ARM
		{AD409379-8D9C-470E-9344-942A36A8DAB8}.Release|ARM.Build.0 = Release|ARM
		{AD409379-8D9C-470E-9344-942A36A8DAB8}.Release|ARM.Deploy.0 = Release|ARM
		{AD409379-8D9C-470E-9344-942A36A8DAB8}.Release|iPhone.ActiveCfg = Release|Any CPU
		{AD409379-8D9C-470E-9344-942A36A8DAB8}.Release|iPhoneSimulator.ActiveCfg = Release|Any CPU
		{AD409379-8D9C-470E-9344-942A36A8DAB8}.Release|Mixed Platforms.ActiveCfg = Release|x86
		{AD409379-8D9C-470E-9344-942A36A8DAB8}.Release|Mixed Platforms.Build.0 = Release|x86
		{AD409379-8D9C-470E-9344-942A36A8DAB8}.Release|Mixed Platforms.Deploy.0 = Release|x86
		{AD409379-8D9C-470E-9344-942A36A8DAB8}.Release|x64.ActiveCfg = Release|x64
		{AD409379-8D9C-470E-9344-942A36A8DAB8}.Release|x64.Build.0 = Release|x64
		{AD409379-8D9C-470E-9344-942A36A8DAB8}.Release|x64.Deploy.0 = Release|x64
		{AD409379-8D9C-470E-9344-942A36A8DAB8}.Release|x86.ActiveCfg = Release|x86
		{AD409379-8D9C-470E-9344-942A36A8DAB8}.Release|x86.Build.0 = Release|x86
		{AD409379-8D9C-470E-9344-942A36A8DAB8}.Release|x86.Deploy.0 = Release|x86
		{C16EDEBC-B60B-46C5-8329-A7AC2ECDC33C}.Ad-Hoc|Any CPU.ActiveCfg = Ad-Hoc|iPhone
		{C16EDEBC-B60B-46C5-8329-A7AC2ECDC33C}.Ad-Hoc|ARM.ActiveCfg = Ad-Hoc|iPhone
		{C16EDEBC-B60B-46C5-8329-A7AC2ECDC33C}.Ad-Hoc|iPhone.ActiveCfg = Ad-Hoc|iPhone
		{C16EDEBC-B60B-46C5-8329-A7AC2ECDC33C}.Ad-Hoc|iPhone.Build.0 = Ad-Hoc|iPhone
		{C16EDEBC-B60B-46C5-8329-A7AC2ECDC33C}.Ad-Hoc|iPhoneSimulator.ActiveCfg = Ad-Hoc|iPhoneSimulator
		{C16EDEBC-B60B-46C5-8329-A7AC2ECDC33C}.Ad-Hoc|iPhoneSimulator.Build.0 = Ad-Hoc|iPhoneSimulator
		{C16EDEBC-B60B-46C5-8329-A7AC2ECDC33C}.Ad-Hoc|Mixed Platforms.ActiveCfg = Ad-Hoc|iPhone
		{C16EDEBC-B60B-46C5-8329-A7AC2ECDC33C}.Ad-Hoc|Mixed Platforms.Build.0 = Ad-Hoc|iPhone
		{C16EDEBC-B60B-46C5-8329-A7AC2ECDC33C}.Ad-Hoc|x64.ActiveCfg = Ad-Hoc|iPhone
		{C16EDEBC-B60B-46C5-8329-A7AC2ECDC33C}.Ad-Hoc|x86.ActiveCfg = Ad-Hoc|iPhone
		{C16EDEBC-B60B-46C5-8329-A7AC2ECDC33C}.AppStore|Any CPU.ActiveCfg = AppStore|iPhone
		{C16EDEBC-B60B-46C5-8329-A7AC2ECDC33C}.AppStore|ARM.ActiveCfg = AppStore|iPhone
		{C16EDEBC-B60B-46C5-8329-A7AC2ECDC33C}.AppStore|iPhone.ActiveCfg = AppStore|iPhone
		{C16EDEBC-B60B-46C5-8329-A7AC2ECDC33C}.AppStore|iPhone.Build.0 = AppStore|iPhone
		{C16EDEBC-B60B-46C5-8329-A7AC2ECDC33C}.AppStore|iPhoneSimulator.ActiveCfg = AppStore|iPhoneSimulator
		{C16EDEBC-B60B-46C5-8329-A7AC2ECDC33C}.AppStore|iPhoneSimulator.Build.0 = AppStore|iPhoneSimulator
		{C16EDEBC-B60B-46C5-8329-A7AC2ECDC33C}.AppStore|Mixed Platforms.ActiveCfg = AppStore|iPhone
		{C16EDEBC-B60B-46C5-8329-A7AC2ECDC33C}.AppStore|Mixed Platforms.Build.0 = AppStore|iPhone
		{C16EDEBC-B60B-46C5-8329-A7AC2ECDC33C}.AppStore|x64.ActiveCfg = AppStore|iPhone
		{C16EDEBC-B60B-46C5-8329-A7AC2ECDC33C}.AppStore|x86.ActiveCfg = AppStore|iPhone
		{C16EDEBC-B60B-46C5-8329-A7AC2ECDC33C}.Debug|Any CPU.ActiveCfg = Debug|iPhoneSimulator
		{C16EDEBC-B60B-46C5-8329-A7AC2ECDC33C}.Debug|Any CPU.Build.0 = Debug|iPhoneSimulator
		{C16EDEBC-B60B-46C5-8329-A7AC2ECDC33C}.Debug|ARM.ActiveCfg = Debug|iPhone
		{C16EDEBC-B60B-46C5-8329-A7AC2ECDC33C}.Debug|iPhone.ActiveCfg = Debug|iPhone
		{C16EDEBC-B60B-46C5-8329-A7AC2ECDC33C}.Debug|iPhone.Build.0 = Debug|iPhone
		{C16EDEBC-B60B-46C5-8329-A7AC2ECDC33C}.Debug|iPhoneSimulator.ActiveCfg = Debug|iPhoneSimulator
		{C16EDEBC-B60B-46C5-8329-A7AC2ECDC33C}.Debug|iPhoneSimulator.Build.0 = Debug|iPhoneSimulator
		{C16EDEBC-B60B-46C5-8329-A7AC2ECDC33C}.Debug|Mixed Platforms.ActiveCfg = Debug|iPhone
		{C16EDEBC-B60B-46C5-8329-A7AC2ECDC33C}.Debug|Mixed Platforms.Build.0 = Debug|iPhone
		{C16EDEBC-B60B-46C5-8329-A7AC2ECDC33C}.Debug|x64.ActiveCfg = Debug|iPhone
		{C16EDEBC-B60B-46C5-8329-A7AC2ECDC33C}.Debug|x86.ActiveCfg = Debug|iPhone
		{C16EDEBC-B60B-46C5-8329-A7AC2ECDC33C}.Release|Any CPU.ActiveCfg = Release|iPhone
		{C16EDEBC-B60B-46C5-8329-A7AC2ECDC33C}.Release|ARM.ActiveCfg = Release|iPhone
		{C16EDEBC-B60B-46C5-8329-A7AC2ECDC33C}.Release|iPhone.ActiveCfg = Release|iPhone
		{C16EDEBC-B60B-46C5-8329-A7AC2ECDC33C}.Release|iPhone.Build.0 = Release|iPhone
		{C16EDEBC-B60B-46C5-8329-A7AC2ECDC33C}.Release|iPhoneSimulator.ActiveCfg = Release|iPhoneSimulator
		{C16EDEBC-B60B-46C5-8329-A7AC2ECDC33C}.Release|iPhoneSimulator.Build.0 = Release|iPhoneSimulator
		{C16EDEBC-B60B-46C5-8329-A7AC2ECDC33C}.Release|Mixed Platforms.ActiveCfg = Release|iPhone
		{C16EDEBC-B60B-46C5-8329-A7AC2ECDC33C}.Release|Mixed Platforms.Build.0 = Release|iPhone
		{C16EDEBC-B60B-46C5-8329-A7AC2ECDC33C}.Release|x64.ActiveCfg = Release|iPhone
		{C16EDEBC-B60B-46C5-8329-A7AC2ECDC33C}.Release|x86.ActiveCfg = Release|iPhone
	EndGlobalSection
	GlobalSection(MonoDevelopProperties) = preSolution
		StartupItem = CustomService\CustomService.iOS\CustomService.iOS.csproj
	EndGlobalSection
	GlobalSection(SolutionProperties) = preSolution
		HideSolutionNode = FALSE
	EndGlobalSection
EndGlobal
